// !$*UTF8*$!
{
	archiveVersion = 1;
	classes = {
	};
	objectVersion = 46;
	objects = {

/* Begin PBXBuildFile section */
		000E5DF518B8AA2600EB1F89 /* Foundation.framework in Frameworks */ = {isa = PBXBuildFile; fileRef = 000E5DF418B8AA2600EB1F89 /* Foundation.framework */; };
		000E5DF718B8AA2600EB1F89 /* CoreGraphics.framework in Frameworks */ = {isa = PBXBuildFile; fileRef = 000E5DF618B8AA2600EB1F89 /* CoreGraphics.framework */; };
		000E5DF918B8AA2600EB1F89 /* UIKit.framework in Frameworks */ = {isa = PBXBuildFile; fileRef = 000E5DF818B8AA2600EB1F89 /* UIKit.framework */; };
		000E5DFF18B8AA2600EB1F89 /* InfoPlist.strings in Resources */ = {isa = PBXBuildFile; fileRef = 000E5DFD18B8AA2600EB1F89 /* InfoPlist.strings */; };
		000E5E0118B8AA2600EB1F89 /* main.m in Sources */ = {isa = PBXBuildFile; fileRef = 000E5E0018B8AA2600EB1F89 /* main.m */; };
		000E5E0518B8AA2600EB1F89 /* AppDelegate.m in Sources */ = {isa = PBXBuildFile; fileRef = 000E5E0418B8AA2600EB1F89 /* AppDelegate.m */; };
		000E5E0818B8AA2600EB1F89 /* Main.storyboard in Resources */ = {isa = PBXBuildFile; fileRef = 000E5E0618B8AA2600EB1F89 /* Main.storyboard */; };
		000E5E0B18B8AA2600EB1F89 /* ViewController.m in Sources */ = {isa = PBXBuildFile; fileRef = 000E5E0A18B8AA2600EB1F89 /* ViewController.m */; };
		000E5E0D18B8AA2600EB1F89 /* Images.xcassets in Resources */ = {isa = PBXBuildFile; fileRef = 000E5E0C18B8AA2600EB1F89 /* Images.xcassets */; };
		000E5E1418B8AA2600EB1F89 /* XCTest.framework in Frameworks */ = {isa = PBXBuildFile; fileRef = 000E5E1318B8AA2600EB1F89 /* XCTest.framework */; };
		000E5E1518B8AA2600EB1F89 /* Foundation.framework in Frameworks */ = {isa = PBXBuildFile; fileRef = 000E5DF418B8AA2600EB1F89 /* Foundation.framework */; };
		000E5E1618B8AA2600EB1F89 /* UIKit.framework in Frameworks */ = {isa = PBXBuildFile; fileRef = 000E5DF818B8AA2600EB1F89 /* UIKit.framework */; };
		000E5E1E18B8AA2600EB1F89 /* InfoPlist.strings in Resources */ = {isa = PBXBuildFile; fileRef = 000E5E1C18B8AA2600EB1F89 /* InfoPlist.strings */; };
		000E5E2018B8AA2600EB1F89 /* dcmDemoTests.m in Sources */ = {isa = PBXBuildFile; fileRef = 000E5E1F18B8AA2600EB1F89 /* dcmDemoTests.m */; };
		000E5E3618B8AA4E00EB1F89 /* CDCircle.m in Sources */ = {isa = PBXBuildFile; fileRef = 000E5E2B18B8AA4E00EB1F89 /* CDCircle.m */; };
		000E5E3718B8AA4E00EB1F89 /* CDCircleGestureRecognizer.m in Sources */ = {isa = PBXBuildFile; fileRef = 000E5E2D18B8AA4E00EB1F89 /* CDCircleGestureRecognizer.m */; };
		000E5E3818B8AA4E00EB1F89 /* CDCircleOverlayView.m in Sources */ = {isa = PBXBuildFile; fileRef = 000E5E2F18B8AA4E00EB1F89 /* CDCircleOverlayView.m */; };
		000E5E3918B8AA4E00EB1F89 /* CDCircleThumb.m in Sources */ = {isa = PBXBuildFile; fileRef = 000E5E3118B8AA4E00EB1F89 /* CDCircleThumb.m */; };
		000E5E3B18B8AA4E00EB1F89 /* Common.m in Sources */ = {isa = PBXBuildFile; fileRef = 000E5E3518B8AA4E00EB1F89 /* Common.m */; };
		000E5E3D18B8ABD500EB1F89 /* icon_arrow_up.png in Resources */ = {isa = PBXBuildFile; fileRef = 000E5E3C18B8ABD500EB1F89 /* icon_arrow_up.png */; };
		000E5E3F18B8ADAA00EB1F89 /* iPod Click.aiff in Resources */ = {isa = PBXBuildFile; fileRef = 000E5E3E18B8ADAA00EB1F89 /* iPod Click.aiff */; };
/* End PBXBuildFile section */

/* Begin PBXContainerItemProxy section */
		000E5E1718B8AA2600EB1F89 /* PBXContainerItemProxy */ = {
			isa = PBXContainerItemProxy;
			containerPortal = 000E5DE918B8AA2600EB1F89 /* Project object */;
			proxyType = 1;
			remoteGlobalIDString = 000E5DF018B8AA2600EB1F89;
			remoteInfo = dcmDemo;
		};
/* End PBXContainerItemProxy section */

/* Begin PBXFileReference section */
		000E5DF118B8AA2600EB1F89 /* dcmDemo.app */ = {isa = PBXFileReference; explicitFileType = wrapper.application; includeInIndex = 0; path = dcmDemo.app; sourceTree = BUILT_PRODUCTS_DIR; };
		000E5DF418B8AA2600EB1F89 /* Foundation.framework */ = {isa = PBXFileReference; lastKnownFileType = wrapper.framework; name = Foundation.framework; path = System/Library/Frameworks/Foundation.framework; sourceTree = SDKROOT; };
		000E5DF618B8AA2600EB1F89 /* CoreGraphics.framework */ = {isa = PBXFileReference; lastKnownFileType = wrapper.framework; name = CoreGraphics.framework; path = System/Library/Frameworks/CoreGraphics.framework; sourceTree = SDKROOT; };
		000E5DF818B8AA2600EB1F89 /* UIKit.framework */ = {isa = PBXFileReference; lastKnownFileType = wrapper.framework; name = UIKit.framework; path = System/Library/Frameworks/UIKit.framework; sourceTree = SDKROOT; };
		000E5DFC18B8AA2600EB1F89 /* dcmDemo-Info.plist */ = {isa = PBXFileReference; lastKnownFileType = text.plist.xml; path = "dcmDemo-Info.plist"; sourceTree = "<group>"; };
		000E5DFE18B8AA2600EB1F89 /* en */ = {isa = PBXFileReference; lastKnownFileType = text.plist.strings; name = en; path = en.lproj/InfoPlist.strings; sourceTree = "<group>"; };
		000E5E0018B8AA2600EB1F89 /* main.m */ = {isa = PBXFileReference; lastKnownFileType = sourcecode.c.objc; path = main.m; sourceTree = "<group>"; };
		000E5E0218B8AA2600EB1F89 /* dcmDemo-Prefix.pch */ = {isa = PBXFileReference; lastKnownFileType = sourcecode.c.h; path = "dcmDemo-Prefix.pch"; sourceTree = "<group>"; };
		000E5E0318B8AA2600EB1F89 /* AppDelegate.h */ = {isa = PBXFileReference; lastKnownFileType = sourcecode.c.h; path = AppDelegate.h; sourceTree = "<group>"; };
		000E5E0418B8AA2600EB1F89 /* AppDelegate.m */ = {isa = PBXFileReference; lastKnownFileType = sourcecode.c.objc; path = AppDelegate.m; sourceTree = "<group>"; };
		000E5E0718B8AA2600EB1F89 /* Base */ = {isa = PBXFileReference; lastKnownFileType = file.storyboard; name = Base; path = Base.lproj/Main.storyboard; sourceTree = "<group>"; };
		000E5E0918B8AA2600EB1F89 /* ViewController.h */ = {isa = PBXFileReference; lastKnownFileType = sourcecode.c.h; path = ViewController.h; sourceTree = "<group>"; };
		000E5E0A18B8AA2600EB1F89 /* ViewController.m */ = {isa = PBXFileReference; lastKnownFileType = sourcecode.c.objc; path = ViewController.m; sourceTree = "<group>"; };
		000E5E0C18B8AA2600EB1F89 /* Images.xcassets */ = {isa = PBXFileReference; lastKnownFileType = folder.assetcatalog; path = Images.xcassets; sourceTree = "<group>"; };
		000E5E1218B8AA2600EB1F89 /* dcmDemoTests.xctest */ = {isa = PBXFileReference; explicitFileType = wrapper.cfbundle; includeInIndex = 0; path = dcmDemoTests.xctest; sourceTree = BUILT_PRODUCTS_DIR; };
		000E5E1318B8AA2600EB1F89 /* XCTest.framework */ = {isa = PBXFileReference; lastKnownFileType = wrapper.framework; name = XCTest.framework; path = Library/Frameworks/XCTest.framework; sourceTree = DEVELOPER_DIR; };
		000E5E1B18B8AA2600EB1F89 /* dcmDemoTests-Info.plist */ = {isa = PBXFileReference; lastKnownFileType = text.plist.xml; path = "dcmDemoTests-Info.plist"; sourceTree = "<group>"; };
		000E5E1D18B8AA2600EB1F89 /* en */ = {isa = PBXFileReference; lastKnownFileType = text.plist.strings; name = en; path = en.lproj/InfoPlist.strings; sourceTree = "<group>"; };
		000E5E1F18B8AA2600EB1F89 /* dcmDemoTests.m */ = {isa = PBXFileReference; lastKnownFileType = sourcecode.c.objc; path = dcmDemoTests.m; sourceTree = "<group>"; };
		000E5E2A18B8AA4E00EB1F89 /* CDCircle.h */ = {isa = PBXFileReference; fileEncoding = 4; lastKnownFileType = sourcecode.c.h; path = CDCircle.h; sourceTree = "<group>"; };
		000E5E2B18B8AA4E00EB1F89 /* CDCircle.m */ = {isa = PBXFileReference; fileEncoding = 4; lastKnownFileType = sourcecode.c.objc; path = CDCircle.m; sourceTree = "<group>"; };
		000E5E2C18B8AA4E00EB1F89 /* CDCircleGestureRecognizer.h */ = {isa = PBXFileReference; fileEncoding = 4; lastKnownFileType = sourcecode.c.h; path = CDCircleGestureRecognizer.h; sourceTree = "<group>"; };
		000E5E2D18B8AA4E00EB1F89 /* CDCircleGestureRecognizer.m */ = {isa = PBXFileReference; fileEncoding = 4; lastKnownFileType = sourcecode.c.objc; path = CDCircleGestureRecognizer.m; sourceTree = "<group>"; };
		000E5E2E18B8AA4E00EB1F89 /* CDCircleOverlayView.h */ = {isa = PBXFileReference; fileEncoding = 4; lastKnownFileType = sourcecode.c.h; path = CDCircleOverlayView.h; sourceTree = "<group>"; };
		000E5E2F18B8AA4E00EB1F89 /* CDCircleOverlayView.m */ = {isa = PBXFileReference; fileEncoding = 4; lastKnownFileType = sourcecode.c.objc; path = CDCircleOverlayView.m; sourceTree = "<group>"; };
		000E5E3018B8AA4E00EB1F89 /* CDCircleThumb.h */ = {isa = PBXFileReference; fileEncoding = 4; lastKnownFileType = sourcecode.c.h; path = CDCircleThumb.h; sourceTree = "<group>"; };
		000E5E3118B8AA4E00EB1F89 /* CDCircleThumb.m */ = {isa = PBXFileReference; fileEncoding = 4; lastKnownFileType = sourcecode.c.objc; path = CDCircleThumb.m; sourceTree = "<group>"; };
		000E5E3418B8AA4E00EB1F89 /* Common.h */ = {isa = PBXFileReference; fileEncoding = 4; lastKnownFileType = sourcecode.c.h; path = Common.h; sourceTree = "<group>"; };
		000E5E3518B8AA4E00EB1F89 /* Common.m */ = {isa = PBXFileReference; fileEncoding = 4; lastKnownFileType = sourcecode.c.objc; path = Common.m; sourceTree = "<group>"; };
		000E5E3C18B8ABD500EB1F89 /* icon_arrow_up.png */ = {isa = PBXFileReference; lastKnownFileType = image.png; path = icon_arrow_up.png; sourceTree = "<group>"; };
		000E5E3E18B8ADAA00EB1F89 /* iPod Click.aiff */ = {isa = PBXFileReference; lastKnownFileType = audio.aiff; path = "iPod Click.aiff"; sourceTree = "<group>"; };
/* End PBXFileReference section */

/* Begin PBXFrameworksBuildPhase section */
		000E5DEE18B8AA2600EB1F89 /* Frameworks */ = {
			isa = PBXFrameworksBuildPhase;
			buildActionMask = 2147483647;
			files = (
				000E5DF718B8AA2600EB1F89 /* CoreGraphics.framework in Frameworks */,
				000E5DF918B8AA2600EB1F89 /* UIKit.framework in Frameworks */,
				000E5DF518B8AA2600EB1F89 /* Foundation.framework in Frameworks */,
			);
			runOnlyForDeploymentPostprocessing = 0;
		};
		000E5E0F18B8AA2600EB1F89 /* Frameworks */ = {
			isa = PBXFrameworksBuildPhase;
			buildActionMask = 2147483647;
			files = (
				000E5E1418B8AA2600EB1F89 /* XCTest.framework in Frameworks */,
				000E5E1618B8AA2600EB1F89 /* UIKit.framework in Frameworks */,
				000E5E1518B8AA2600EB1F89 /* Foundation.framework in Frameworks */,
			);
			runOnlyForDeploymentPostprocessing = 0;
		};
/* End PBXFrameworksBuildPhase section */

/* Begin PBXGroup section */
		000E5DE818B8AA2600EB1F89 = {
			isa = PBXGroup;
			children = (
				000E5DFA18B8AA2600EB1F89 /* dcmDemo */,
				000E5E1918B8AA2600EB1F89 /* dcmDemoTests */,
				000E5DF318B8AA2600EB1F89 /* Frameworks */,
				000E5DF218B8AA2600EB1F89 /* Products */,
			);
			sourceTree = "<group>";
		};
		000E5DF218B8AA2600EB1F89 /* Products */ = {
			isa = PBXGroup;
			children = (
				000E5DF118B8AA2600EB1F89 /* dcmDemo.app */,
				000E5E1218B8AA2600EB1F89 /* dcmDemoTests.xctest */,
			);
			name = Products;
			sourceTree = "<group>";
		};
		000E5DF318B8AA2600EB1F89 /* Frameworks */ = {
			isa = PBXGroup;
			children = (
				000E5DF418B8AA2600EB1F89 /* Foundation.framework */,
				000E5DF618B8AA2600EB1F89 /* CoreGraphics.framework */,
				000E5DF818B8AA2600EB1F89 /* UIKit.framework */,
				000E5E1318B8AA2600EB1F89 /* XCTest.framework */,
			);
			name = Frameworks;
			sourceTree = "<group>";
		};
		000E5DFA18B8AA2600EB1F89 /* dcmDemo */ = {
			isa = PBXGroup;
			children = (
				000E5E0318B8AA2600EB1F89 /* AppDelegate.h */,
				000E5E0418B8AA2600EB1F89 /* AppDelegate.m */,
				000E5E0618B8AA2600EB1F89 /* Main.storyboard */,
				000E5E0918B8AA2600EB1F89 /* ViewController.h */,
				000E5E0A18B8AA2600EB1F89 /* ViewController.m */,
				000E5E2918B8AA4E00EB1F89 /* Wheel */,
				000E5E0C18B8AA2600EB1F89 /* Images.xcassets */,
				000E5DFB18B8AA2600EB1F89 /* Supporting Files */,
			);
			path = dcmDemo;
			sourceTree = "<group>";
		};
		000E5DFB18B8AA2600EB1F89 /* Supporting Files */ = {
			isa = PBXGroup;
			children = (
				000E5DFC18B8AA2600EB1F89 /* dcmDemo-Info.plist */,
				000E5DFD18B8AA2600EB1F89 /* InfoPlist.strings */,
				000E5E0018B8AA2600EB1F89 /* main.m */,
				000E5E0218B8AA2600EB1F89 /* dcmDemo-Prefix.pch */,
			);
			name = "Supporting Files";
			sourceTree = "<group>";
		};
		000E5E1918B8AA2600EB1F89 /* dcmDemoTests */ = {
			isa = PBXGroup;
			children = (
				000E5E1F18B8AA2600EB1F89 /* dcmDemoTests.m */,
				000E5E1A18B8AA2600EB1F89 /* Supporting Files */,
			);
			path = dcmDemoTests;
			sourceTree = "<group>";
		};
		000E5E1A18B8AA2600EB1F89 /* Supporting Files */ = {
			isa = PBXGroup;
			children = (
				000E5E1B18B8AA2600EB1F89 /* dcmDemoTests-Info.plist */,
				000E5E1C18B8AA2600EB1F89 /* InfoPlist.strings */,
			);
			name = "Supporting Files";
			sourceTree = "<group>";
		};
		000E5E2918B8AA4E00EB1F89 /* Wheel */ = {
			isa = PBXGroup;
			children = (
				000E5E3E18B8ADAA00EB1F89 /* iPod Click.aiff */,
				000E5E3C18B8ABD500EB1F89 /* icon_arrow_up.png */,
				000E5E2A18B8AA4E00EB1F89 /* CDCircle.h */,
				000E5E2B18B8AA4E00EB1F89 /* CDCircle.m */,
				000E5E2C18B8AA4E00EB1F89 /* CDCircleGestureRecognizer.h */,
				000E5E2D18B8AA4E00EB1F89 /* CDCircleGestureRecognizer.m */,
				000E5E2E18B8AA4E00EB1F89 /* CDCircleOverlayView.h */,
				000E5E2F18B8AA4E00EB1F89 /* CDCircleOverlayView.m */,
				000E5E3018B8AA4E00EB1F89 /* CDCircleThumb.h */,
				000E5E3118B8AA4E00EB1F89 /* CDCircleThumb.m */,
				000E5E3418B8AA4E00EB1F89 /* Common.h */,
				000E5E3518B8AA4E00EB1F89 /* Common.m */,
			);
			path = Wheel;
			sourceTree = "<group>";
		};
/* End PBXGroup section */

/* Begin PBXNativeTarget section */
		000E5DF018B8AA2600EB1F89 /* dcmDemo */ = {
			isa = PBXNativeTarget;
			buildConfigurationList = 000E5E2318B8AA2600EB1F89 /* Build configuration list for PBXNativeTarget "dcmDemo" */;
			buildPhases = (
				000E5DED18B8AA2600EB1F89 /* Sources */,
				000E5DEE18B8AA2600EB1F89 /* Frameworks */,
				000E5DEF18B8AA2600EB1F89 /* Resources */,
			);
			buildRules = (
			);
			dependencies = (
			);
			name = dcmDemo;
			productName = dcmDemo;
			productReference = 000E5DF118B8AA2600EB1F89 /* dcmDemo.app */;
			productType = "com.apple.product-type.application";
		};
		000E5E1118B8AA2600EB1F89 /* dcmDemoTests */ = {
			isa = PBXNativeTarget;
			buildConfigurationList = 000E5E2618B8AA2600EB1F89 /* Build configuration list for PBXNativeTarget "dcmDemoTests" */;
			buildPhases = (
				000E5E0E18B8AA2600EB1F89 /* Sources */,
				000E5E0F18B8AA2600EB1F89 /* Frameworks */,
				000E5E1018B8AA2600EB1F89 /* Resources */,
			);
			buildRules = (
			);
			dependencies = (
				000E5E1818B8AA2600EB1F89 /* PBXTargetDependency */,
			);
			name = dcmDemoTests;
			productName = dcmDemoTests;
			productReference = 000E5E1218B8AA2600EB1F89 /* dcmDemoTests.xctest */;
			productType = "com.apple.product-type.bundle.unit-test";
		};
/* End PBXNativeTarget section */

/* Begin PBXProject section */
		000E5DE918B8AA2600EB1F89 /* Project object */ = {
			isa = PBXProject;
			attributes = {
				LastUpgradeCheck = 0500;
				ORGANIZATIONNAME = "ohtake shingo";
				TargetAttributes = {
					000E5E1118B8AA2600EB1F89 = {
						TestTargetID = 000E5DF018B8AA2600EB1F89;
					};
				};
			};
			buildConfigurationList = 000E5DEC18B8AA2600EB1F89 /* Build configuration list for PBXProject "dcmDemo" */;
			compatibilityVersion = "Xcode 3.2";
			developmentRegion = English;
			hasScannedForEncodings = 0;
			knownRegions = (
				en,
				Base,
			);
			mainGroup = 000E5DE818B8AA2600EB1F89;
			productRefGroup = 000E5DF218B8AA2600EB1F89 /* Products */;
			projectDirPath = "";
			projectRoot = "";
			targets = (
				000E5DF018B8AA2600EB1F89 /* dcmDemo */,
				000E5E1118B8AA2600EB1F89 /* dcmDemoTests */,
			);
		};
/* End PBXProject section */

/* Begin PBXResourcesBuildPhase section */
		000E5DEF18B8AA2600EB1F89 /* Resources */ = {
			isa = PBXResourcesBuildPhase;
			buildActionMask = 2147483647;
			files = (
				000E5E0D18B8AA2600EB1F89 /* Images.xcassets in Resources */,
				000E5DFF18B8AA2600EB1F89 /* InfoPlist.strings in Resources */,
				000E5E3F18B8ADAA00EB1F89 /* iPod Click.aiff in Resources */,
				000E5E0818B8AA2600EB1F89 /* Main.storyboard in Resources */,
				000E5E3D18B8ABD500EB1F89 /* icon_arrow_up.png in Resources */,
			);
			runOnlyForDeploymentPostprocessing = 0;
		};
		000E5E1018B8AA2600EB1F89 /* Resources */ = {
			isa = PBXResourcesBuildPhase;
			buildActionMask = 2147483647;
			files = (
				000E5E1E18B8AA2600EB1F89 /* InfoPlist.strings in Resources */,
			);
			runOnlyForDeploymentPostprocessing = 0;
		};
/* End PBXResourcesBuildPhase section */

/* Begin PBXSourcesBuildPhase section */
		000E5DED18B8AA2600EB1F89 /* Sources */ = {
			isa = PBXSourcesBuildPhase;
			buildActionMask = 2147483647;
			files = (
				000E5E3718B8AA4E00EB1F89 /* CDCircleGestureRecognizer.m in Sources */,
				000E5E0B18B8AA2600EB1F89 /* ViewController.m in Sources */,
				000E5E3818B8AA4E00EB1F89 /* CDCircleOverlayView.m in Sources */,
				000E5E0518B8AA2600EB1F89 /* AppDelegate.m in Sources */,
				000E5E3618B8AA4E00EB1F89 /* CDCircle.m in Sources */,
				000E5E3B18B8AA4E00EB1F89 /* Common.m in Sources */,
				000E5E0118B8AA2600EB1F89 /* main.m in Sources */,
				000E5E3918B8AA4E00EB1F89 /* CDCircleThumb.m in Sources */,
			);
			runOnlyForDeploymentPostprocessing = 0;
		};
		000E5E0E18B8AA2600EB1F89 /* Sources */ = {
			isa = PBXSourcesBuildPhase;
			buildActionMask = 2147483647;
			files = (
				000E5E2018B8AA2600EB1F89 /* dcmDemoTests.m in Sources */,
			);
			runOnlyForDeploymentPostprocessing = 0;
		};
/* End PBXSourcesBuildPhase section */

/* Begin PBXTargetDependency section */
		000E5E1818B8AA2600EB1F89 /* PBXTargetDependency */ = {
			isa = PBXTargetDependency;
			target = 000E5DF018B8AA2600EB1F89 /* dcmDemo */;
			targetProxy = 000E5E1718B8AA2600EB1F89 /* PBXContainerItemProxy */;
		};
/* End PBXTargetDependency section */

/* Begin PBXVariantGroup section */
		000E5DFD18B8AA2600EB1F89 /* InfoPlist.strings */ = {
			isa = PBXVariantGroup;
			children = (
				000E5DFE18B8AA2600EB1F89 /* en */,
			);
			name = InfoPlist.strings;
			sourceTree = "<group>";
		};
		000E5E0618B8AA2600EB1F89 /* Main.storyboard */ = {
			isa = PBXVariantGroup;
			children = (
				000E5E0718B8AA2600EB1F89 /* Base */,
			);
			name = Main.storyboard;
			sourceTree = "<group>";
		};
		000E5E1C18B8AA2600EB1F89 /* InfoPlist.strings */ = {
			isa = PBXVariantGroup;
			children = (
				000E5E1D18B8AA2600EB1F89 /* en */,
			);
			name = InfoPlist.strings;
			sourceTree = "<group>";
		};
/* End PBXVariantGroup section */

/* Begin XCBuildConfiguration section */
		000E5E2118B8AA2600EB1F89 /* Debug */ = {
			isa = XCBuildConfiguration;
			buildSettings = {
				ALWAYS_SEARCH_USER_PATHS = NO;
				ARCHS = "$(ARCHS_STANDARD_INCLUDING_64_BIT)";
				CLANG_CXX_LANGUAGE_STANDARD = "gnu++0x";
				CLANG_CXX_LIBRARY = "libc++";
				CLANG_ENABLE_MODULES = YES;
				CLANG_ENABLE_OBJC_ARC = YES;
				CLANG_WARN_BOOL_CONVERSION = YES;
				CLANG_WARN_CONSTANT_CONVERSION = YES;
				CLANG_WARN_DIRECT_OBJC_ISA_USAGE = YES_ERROR;
				CLANG_WARN_EMPTY_BODY = YES;
				CLANG_WARN_ENUM_CONVERSION = YES;
				CLANG_WARN_INT_CONVERSION = YES;
				CLANG_WARN_OBJC_ROOT_CLASS = YES_ERROR;
				CLANG_WARN__DUPLICATE_METHOD_MATCH = YES;
				"CODE_SIGN_IDENTITY[sdk=iphoneos*]" = "iPhone Developer";
				COPY_PHASE_STRIP = NO;
				GCC_C_LANGUAGE_STANDARD = gnu99;
				GCC_DYNAMIC_NO_PIC = NO;
				GCC_OPTIMIZATION_LEVEL = 0;
				GCC_PREPROCESSOR_DEFINITIONS = (
					"DEBUG=1",
					"$(inherited)",
				);
				GCC_SYMBOLS_PRIVATE_EXTERN = NO;
				GCC_WARN_64_TO_32_BIT_CONVERSION = YES;
				GCC_WARN_ABOUT_RETURN_TYPE = YES_ERROR;
				GCC_WARN_UNDECLARED_SELECTOR = YES;
				GCC_WARN_UNINITIALIZED_AUTOS = YES;
				GCC_WARN_UNUSED_FUNCTION = YES;
				GCC_WARN_UNUSED_VARIABLE = YES;
				IPHONEOS_DEPLOYMENT_TARGET = 7.0;
				ONLY_ACTIVE_ARCH = YES;
				SDKROOT = iphoneos;
			};
			name = Debug;
		};
		000E5E2218B8AA2600EB1F89 /* Release */ = {
			isa = XCBuildConfiguration;
			buildSettings = {
				ALWAYS_SEARCH_USER_PATHS = NO;
				ARCHS = "$(ARCHS_STANDARD_INCLUDING_64_BIT)";
				CLANG_CXX_LANGUAGE_STANDARD = "gnu++0x";
				CLANG_CXX_LIBRARY = "libc++";
				CLANG_ENABLE_MODULES = YES;
				CLANG_ENABLE_OBJC_ARC = YES;
				CLANG_WARN_BOOL_CONVERSION = YES;
				CLANG_WARN_CONSTANT_CONVERSION = YES;
				CLANG_WARN_DIRECT_OBJC_ISA_USAGE = YES_ERROR;
				CLANG_WARN_EMPTY_BODY = YES;
				CLANG_WARN_ENUM_CONVERSION = YES;
				CLANG_WARN_INT_CONVERSION = YES;
				CLANG_WARN_OBJC_ROOT_CLASS = YES_ERROR;
				CLANG_WARN__DUPLICATE_METHOD_MATCH = YES;
				"CODE_SIGN_IDENTITY[sdk=iphoneos*]" = "iPhone Developer";
				COPY_PHASE_STRIP = YES;
				ENABLE_NS_ASSERTIONS = NO;
				GCC_C_LANGUAGE_STANDARD = gnu99;
				GCC_WARN_64_TO_32_BIT_CONVERSION = YES;
				GCC_WARN_ABOUT_RETURN_TYPE = YES_ERROR;
				GCC_WARN_UNDECLARED_SELECTOR = YES;
				GCC_WARN_UNINITIALIZED_AUTOS = YES;
				GCC_WARN_UNUSED_FUNCTION = YES;
				GCC_WARN_UNUSED_VARIABLE = YES;
				IPHONEOS_DEPLOYMENT_TARGET = 7.0;
				SDKROOT = iphoneos;
				VALIDATE_PRODUCT = YES;
			};
			name = Release;
		};
		000E5E2418B8AA2600EB1F89 /* Debug */ = {
			isa = XCBuildConfiguration;
			buildSettings = {
				ASSETCATALOG_COMPILER_APPICON_NAME = AppIcon;
				ASSETCATALOG_COMPILER_LAUNCHIMAGE_NAME = LaunchImage;
				GCC_PRECOMPILE_PREFIX_HEADER = YES;
				GCC_PREFIX_HEADER = "dcmDemo/dcmDemo-Prefix.pch";
				INFOPLIST_FILE = "dcmDemo/dcmDemo-Info.plist";
				PRODUCT_NAME = "$(TARGET_NAME)";
				WRAPPER_EXTENSION = app;
			};
			name = Debug;
		};
		000E5E2518B8AA2600EB1F89 /* Release */ = {
			isa = XCBuildConfiguration;
			buildSettings = {
				ASSETCATALOG_COMPILER_APPICON_NAME = AppIcon;
				ASSETCATALOG_COMPILER_LAUNCHIMAGE_NAME = LaunchImage;
				GCC_PRECOMPILE_PREFIX_HEADER = YES;
				GCC_PREFIX_HEADER = "dcmDemo/dcmDemo-Prefix.pch";
				INFOPLIST_FILE = "dcmDemo/dcmDemo-Info.plist";
				PRODUCT_NAME = "$(TARGET_NAME)";
				WRAPPER_EXTENSION = app;
			};
			name = Release;
		};
		000E5E2718B8AA2600EB1F89 /* Debug */ = {
			isa = XCBuildConfiguration;
			buildSettings = {
				ARCHS = "$(ARCHS_STANDARD_INCLUDING_64_BIT)";
				BUNDLE_LOADER = "$(BUILT_PRODUCTS_DIR)/dcmDemo.app/dcmDemo";
				FRAMEWORK_SEARCH_PATHS = (
					"$(SDKROOT)/Developer/Library/Frameworks",
					"$(inherited)",
					"$(DEVELOPER_FRAMEWORKS_DIR)",
				);
				GCC_PRECOMPILE_PREFIX_HEADER = YES;
				GCC_PREFIX_HEADER = "dcmDemo/dcmDemo-Prefix.pch";
				GCC_PREPROCESSOR_DEFINITIONS = (
					"DEBUG=1",
					"$(inherited)",
				);
				INFOPLIST_FILE = "dcmDemoTests/dcmDemoTests-Info.plist";
				PRODUCT_NAME = "$(TARGET_NAME)";
				TEST_HOST = "$(BUNDLE_LOADER)";
				WRAPPER_EXTENSION = xctest;
			};
			name = Debug;
		};
		000E5E2818B8AA2600EB1F89 /* Release */ = {
			isa = XCBuildConfiguration;
			buildSettings = {
				ARCHS = "$(ARCHS_STANDARD_INCLUDING_64_BIT)";
				BUNDLE_LOADER = "$(BUILT_PRODUCTS_DIR)/dcmDemo.app/dcmDemo";
				FRAMEWORK_SEARCH_PATHS = (
					"$(SDKROOT)/Developer/Library/Frameworks",
					"$(inherited)",
					"$(DEVELOPER_FRAMEWORKS_DIR)",
				);
				GCC_PRECOMPILE_PREFIX_HEADER = YES;
				GCC_PREFIX_HEADER = "dcmDemo/dcmDemo-Prefix.pch";
				INFOPLIST_FILE = "dcmDemoTests/dcmDemoTests-Info.plist";
				PRODUCT_NAME = "$(TARGET_NAME)";
				TEST_HOST = "$(BUNDLE_LOADER)";
				WRAPPER_EXTENSION = xctest;
			};
			name = Release;
		};
/* End XCBuildConfiguration section */

/* Begin XCConfigurationList section */
		000E5DEC18B8AA2600EB1F89 /* Build configuration list for PBXProject "dcmDemo" */ = {
			isa = XCConfigurationList;
			buildConfigurations = (
				000E5E2118B8AA2600EB1F89 /* Debug */,
				000E5E2218B8AA2600EB1F89 /* Release */,
			);
			defaultConfigurationIsVisible = 0;
			defaultConfigurationName = Release;
		};
		000E5E2318B8AA2600EB1F89 /* Build configuration list for PBXNativeTarget "dcmDemo" */ = {
			isa = XCConfigurationList;
			buildConfigurations = (
				000E5E2418B8AA2600EB1F89 /* Debug */,
				000E5E2518B8AA2600EB1F89 /* Release */,
			);
			defaultConfigurationIsVisible = 0;
			defaultConfigurationName = Release;
		};
		000E5E2618B8AA2600EB1F89 /* Build configuration list for PBXNativeTarget "dcmDemoTests" */ = {
			isa = XCConfigurationList;
			buildConfigurations = (
				000E5E2718B8AA2600EB1F89 /* Debug */,
				000E5E2818B8AA2600EB1F89 /* Release */,
			);
			defaultConfigurationIsVisible = 0;
			defaultConfigurationName = Release;
		};
/* End XCConfigurationList section */
	};
	rootObject = 000E5DE918B8AA2600EB1F89 /* Project object */;
}
